
Microsoft Visual Studio Solution File, Format Version 12.00
# Visual Studio 15
VisualStudioVersion = 15.0.35714.111
MinimumVisualStudioVersion = 10.0.40219.1
Project("{FAE04EC0-301F-11D3-BF4B-00C04F79EFBC}") = "MLM task", "MLM task\MLM task.csproj", "{270C4A32-93C0-4020-B8BA-68EF81CFB97A}"
EndProject
Project("{FAE04EC0-301F-11D3-BF4B-00C04F79EFBC}") = "MLMModel", "MLMModel\MLMModel.csproj", "{43B50ABB-65FE-4891-9F4A-88093A3975D7}"
EndProject
Project("{FAE04EC0-301F-11D3-BF4B-00C04F79EFBC}") = "DAL", "DAL\DAL.csproj", "{629D80E4-CD0D-4E92-8F12-79A55F43619D}"
EndProject
Global
	GlobalSection(SolutionConfigurationPlatforms) = preSolution
		Debug|Any CPU = Debug|Any CPU
		Release|Any CPU = Release|Any CPU
	EndGlobalSection
	GlobalSection(ProjectConfigurationPlatforms) = postSolution
		{270C4A32-93C0-4020-B8BA-68EF81CFB97A}.Debug|Any CPU.ActiveCfg = Debug|Any CPU
		{270C4A32-93C0-4020-B8BA-68EF81CFB97A}.Debug|Any CPU.Build.0 = Debug|Any CPU
		{270C4A32-93C0-4020-B8BA-68EF81CFB97A}.Release|Any CPU.ActiveCfg = Release|Any CPU
		{270C4A32-93C0-4020-B8BA-68EF81CFB97A}.Release|Any CPU.Build.0 = Release|Any CPU
		{43B50ABB-65FE-4891-9F4A-88093A3975D7}.Debug|Any CPU.ActiveCfg = Debug|Any CPU
		{43B50ABB-65FE-4891-9F4A-88093A3975D7}.Debug|Any CPU.Build.0 = Debug|Any CPU
		{43B50ABB-65FE-4891-9F4A-88093A3975D7}.Release|Any CPU.ActiveCfg = Release|Any CPU
		{43B50ABB-65FE-4891-9F4A-88093A3975D7}.Release|Any CPU.Build.0 = Release|Any CPU
		{629D80E4-CD0D-4E92-8F12-79A55F43619D}.Debug|Any CPU.ActiveCfg = Debug|Any CPU
		{629D80E4-CD0D-4E92-8F12-79A55F43619D}.Debug|Any CPU.Build.0 = Debug|Any CPU
		{629D80E4-CD0D-4E92-8F12-79A55F43619D}.Release|Any CPU.ActiveCfg = Release|Any CPU
		{629D80E4-CD0D-4E92-8F12-79A55F43619D}.Release|Any CPU.Build.0 = Release|Any CPU
	EndGlobalSection
	GlobalSection(SolutionProperties) = preSolution
		HideSolutionNode = FALSE
	EndGlobalSection
	GlobalSection(ExtensibilityGlobals) = postSolution
		SolutionGuid = {5F4CCD62-D67F-4510-9DBA-1FF34219648D}
	EndGlobalSection
EndGlobal
